
Microsoft Visual Studio Solution File, Format Version 12.00
# Visual Studio 14
VisualStudioVersion = 14.0.25420.1
MinimumVisualStudioVersion = 10.0.40219.1
Project("{FAE04EC0-301F-11D3-BF4B-00C04F79EFBC}") = "Mission.Immigration", "Mission.Immigration\Mission.Immigration.csproj", "{D3F1063B-6351-466B-BBD7-BF1123F33F3E}"
EndProject
Project("{FAE04EC0-301F-11D3-BF4B-00C04F79EFBC}") = "Mission.Immigration.Tests", "Mission.Immigration.Tests\Mission.Immigration.Tests.csproj", "{DF5F6C87-9FB5-45E4-9D1C-1FBF8F7157CF}"
EndProject
Project("{FAE04EC0-301F-11D3-BF4B-00C04F79EFBC}") = "Mission.Immigration.Admin", "Mission.Immigration.Admin\Mission.Immigration.Admin.csproj", "{8D7F9B9C-7F54-47A8-B917-6BC4FDFD5909}"
EndProject
Global
	GlobalSection(SolutionConfigurationPlatforms) = preSolution
		Debug|Any CPU = Debug|Any CPU
		Release|Any CPU = Release|Any CPU
	EndGlobalSection
	GlobalSection(ProjectConfigurationPlatforms) = postSolution
		{D3F1063B-6351-466B-BBD7-BF1123F33F3E}.Debug|Any CPU.ActiveCfg = Debug|Any CPU
		{D3F1063B-6351-466B-BBD7-BF1123F33F3E}.Debug|Any CPU.Build.0 = Debug|Any CPU
		{D3F1063B-6351-466B-BBD7-BF1123F33F3E}.Release|Any CPU.ActiveCfg = Release|Any CPU
		{D3F1063B-6351-466B-BBD7-BF1123F33F3E}.Release|Any CPU.Build.0 = Release|Any CPU
		{DF5F6C87-9FB5-45E4-9D1C-1FBF8F7157CF}.Debug|Any CPU.ActiveCfg = Debug|Any CPU
		{DF5F6C87-9FB5-45E4-9D1C-1FBF8F7157CF}.Debug|Any CPU.Build.0 = Debug|Any CPU
		{DF5F6C87-9FB5-45E4-9D1C-1FBF8F7157CF}.Release|Any CPU.ActiveCfg = Release|Any CPU
		{DF5F6C87-9FB5-45E4-9D1C-1FBF8F7157CF}.Release|Any CPU.Build.0 = Release|Any CPU
		{8D7F9B9C-7F54-47A8-B917-6BC4FDFD5909}.Debug|Any CPU.ActiveCfg = Debug|Any CPU
		{8D7F9B9C-7F54-47A8-B917-6BC4FDFD5909}.Debug|Any CPU.Build.0 = Debug|Any CPU
		{8D7F9B9C-7F54-47A8-B917-6BC4FDFD5909}.Release|Any CPU.ActiveCfg = Release|Any CPU
		{8D7F9B9C-7F54-47A8-B917-6BC4FDFD5909}.Release|Any CPU.Build.0 = Release|Any CPU
	EndGlobalSection
	GlobalSection(SolutionProperties) = preSolution
		HideSolutionNode = FALSE
	EndGlobalSection
EndGlobal
